{
  "name": "jvectormap",
  "version": "2.0.4",
  "lockfileVersion": 3,
  "requires": true,
  "packages": {
    "": {
      "name": "jvectormap",
      "version": "2.0.4",
      "dependencies": {
        "jquery": ">=1.5",
        "jvectormap": "file:"
      },
      "devDependencies": {
        "uglifyjs": "^2.4.10"
      }
    },
    "node_modules/jquery": {
      "version": "3.7.1",
      "resolved": "https://registry.npmjs.org/jquery/-/jquery-3.7.1.tgz",
      "integrity": "sha512-m4avr8yL8kmFN8psrbFFFmB/If14iN5o9nw/NgnnM+kybDJpRsAynV2BsfpTYrTRysYUdADVD7CkUUizgkpLfg==",
      "license": "MIT"
    },
    "node_modules/jvectormap": {
      "resolved": "",
      "link": true
    },
    "node_modules/uglifyjs": {
      "version": "2.4.11",
      "resolved": "https://registry.npmjs.org/uglifyjs/-/uglifyjs-2.4.11.tgz",
      "integrity": "sha512-iR5+eXZCsoqmlzqYYENJm+rtX/KpC+jhhCtgORtBeVxRET+mfFHlyArl3DgYEqRTVDOxenv0OojFg02tf6LluA==",
      "deprecated": "uglifyjs is deprecated - use uglify-js instead.",
      "dev": true
    }
  }
}
